
Microsoft Visual Studio Solution File, Format Version 12.00
# Visual Studio 15
VisualStudioVersion = 15.0.28307.1684
MinimumVisualStudioVersion = 10.0.40219.1
Project("{8BC9CEB8-8B4A-11D0-8D11-00A0C91BC942}") = "T5", "T5\T5.vcxproj", "{ACCD9C57-6B68-4AA5-B235-3279119BA66F}"
EndProject
Global
	GlobalSection(SolutionConfigurationPlatforms) = preSolution
		Debug|x64 = Debug|x64
		Debug|x86 = Debug|x86
		Release|x64 = Release|x64
		Release|x86 = Release|x86
	EndGlobalSection
	GlobalSection(ProjectConfigurationPlatforms) = postSolution
		{ACCD9C57-6B68-4AA5-B235-3279119BA66F}.Debug|x64.ActiveCfg = Debug|x64
		{ACCD9C57-6B68-4AA5-B235-3279119BA66F}.Debug|x64.Build.0 = Debug|x64
		{ACCD9C57-6B68-4AA5-B235-3279119BA66F}.Debug|x86.ActiveCfg = Debug|Win32
		{ACCD9C57-6B68-4AA5-B235-3279119BA66F}.Debug|x86.Build.0 = Debug|Win32
		{ACCD9C57-6B68-4AA5-B235-3279119BA66F}.Release|x64.ActiveCfg = Release|x64
		{ACCD9C57-6B68-4AA5-B235-3279119BA66F}.Release|x64.Build.0 = Release|x64
		{ACCD9C57-6B68-4AA5-B235-3279119BA66F}.Release|x86.ActiveCfg = Release|Win32
		{ACCD9C57-6B68-4AA5-B235-3279119BA66F}.Release|x86.Build.0 = Release|Win32
	EndGlobalSection
	GlobalSection(SolutionProperties) = preSolution
		HideSolutionNode = FALSE
	EndGlobalSection
	GlobalSection(ExtensibilityGlobals) = postSolution
		SolutionGuid = {B2F3AC2D-C14C-4415-82F8-6C4254183832}
	EndGlobalSection
EndGlobal
